
Microsoft Visual Studio Solution File, Format Version 12.00
# Visual Studio 15
VisualStudioVersion = 15.0.28307.1145
MinimumVisualStudioVersion = 10.0.40219.1
Project("{9A19103F-16F7-4668-BE54-9A1E7A4F7556}") = "VacancyManager", "Vacancy\VacancyManager.csproj", "{B13761E2-4A66-4CBD-9FE1-AEB82B996A6E}"
EndProject
Global
	GlobalSection(SolutionConfigurationPlatforms) = preSolution
		Debug|Any CPU = Debug|Any CPU
		Release|Any CPU = Release|Any CPU
	EndGlobalSection
	GlobalSection(ProjectConfigurationPlatforms) = postSolution
		{B13761E2-4A66-4CBD-9FE1-AEB82B996A6E}.Debug|Any CPU.ActiveCfg = Debug|Any CPU
		{B13761E2-4A66-4CBD-9FE1-AEB82B996A6E}.Debug|Any CPU.Build.0 = Debug|Any CPU
		{B13761E2-4A66-4CBD-9FE1-AEB82B996A6E}.Release|Any CPU.ActiveCfg = Release|Any CPU
		{B13761E2-4A66-4CBD-9FE1-AEB82B996A6E}.Release|Any CPU.Build.0 = Release|Any CPU
	EndGlobalSection
	GlobalSection(SolutionProperties) = preSolution
		HideSolutionNode = FALSE
	EndGlobalSection
	GlobalSection(ExtensibilityGlobals) = postSolution
		SolutionGuid = {9AA105D6-EE0E-4485-A371-638ABBB5E2A3}
	EndGlobalSection
EndGlobal
